
Microsoft Visual Studio Solution File, Format Version 10.00
# Visual Studio 2008
Project("{2150E333-8FDC-42A3-9474-1A3956D46DE8}") = "Mono.Upnp", "Mono.Upnp", "{42D6ED99-B55B-49DF-9D77-55C5FC2D2266}"
EndProject
Project("{FAE04EC0-301F-11D3-BF4B-00C04F79EFBC}") = "Mono.Upnp", "src\Mono.Upnp\Mono.Upnp\Mono.Upnp.csproj", "{5E5A8C5E-334D-4ED2-B40F-34712C7E085C}"
EndProject
Project("{FAE04EC0-301F-11D3-BF4B-00C04F79EFBC}") = "Mono.Upnp.GtkClient", "src\Mono.Upnp\Mono.Upnp.GtkClient\Mono.Upnp.GtkClient.csproj", "{582939F7-13F0-49EB-A970-15955BCE8E8E}"
EndProject
Project("{2150E333-8FDC-42A3-9474-1A3956D46DE8}") = "tests", "tests", "{8D933A32-E3C8-4750-BB32-B6C70C9390A9}"
EndProject
Project("{FAE04EC0-301F-11D3-BF4B-00C04F79EFBC}") = "Mono.Upnp.Tests", "tests\Mono.Upnp.Tests\Mono.Upnp.Tests.csproj", "{B0FC5FC0-3AB1-4AB6-9B3B-793B441A4288}"
EndProject
Project("{FAE04EC0-301F-11D3-BF4B-00C04F79EFBC}") = "Mono.Ssdp.Tests", "tests\Mono.Ssdp.Tests\Mono.Ssdp.Tests.csproj", "{D6ADBD6C-8A83-4429-8975-624822AF7D3D}"
EndProject
Project("{FAE04EC0-301F-11D3-BF4B-00C04F79EFBC}") = "Mono.Upnp.Dcp.MediaServer1.FileSystem.Tests", "tests\Mono.Upnp.Dcp.MediaServer1.FileSystem.Tests\Mono.Upnp.Dcp.MediaServer1.FileSystem.Tests.csproj", "{EEAC4F7E-6E3D-4241-A477-8D5CB658E0B2}"
EndProject
Project("{FAE04EC0-301F-11D3-BF4B-00C04F79EFBC}") = "Mono.Upnp.Dcp.MediaServer1.Tests", "tests\Mono.Upnp.Dcp.MediaServer1.Tests\Mono.Upnp.Dcp.MediaServer1.Tests.csproj", "{2A6588C5-BA02-4597-823A-C4DE81A8CB1D}"
EndProject
Project("{2150E333-8FDC-42A3-9474-1A3956D46DE8}") = "Mono.Ssdp", "Mono.Ssdp", "{10FB35F1-FBF6-42C7-85E2-9A52345FD0F3}"
EndProject
Project("{FAE04EC0-301F-11D3-BF4B-00C04F79EFBC}") = "Mono.Ssdp", "src\Mono.Ssdp\Mono.Ssdp\Mono.Ssdp.csproj", "{AD422A19-BA07-4039-B843-84E386804DD1}"
EndProject
Project("{2150E333-8FDC-42A3-9474-1A3956D46DE8}") = "Mono.Upnp.Dcp", "Mono.Upnp.Dcp", "{251579B4-B8E2-4ACD-B5BD-0DC208BB8114}"
EndProject
Project("{2150E333-8FDC-42A3-9474-1A3956D46DE8}") = "Mono.Upnp.Dcp.MediaServer1", "Mono.Upnp.Dcp.MediaServer1", "{E2789A20-B336-4121-8C5A-2EC6DBD031CA}"
EndProject
Project("{FAE04EC0-301F-11D3-BF4B-00C04F79EFBC}") = "Mono.Upnp.Dcp.MediaServer1", "src\Mono.Upnp.Dcp\Mono.Upnp.Dcp.MediaServer1\Mono.Upnp.Dcp.MediaServer1\Mono.Upnp.Dcp.MediaServer1.csproj", "{D095ADE0-D74E-449C-BAF2-174A952B2056}"
EndProject
Project("{FAE04EC0-301F-11D3-BF4B-00C04F79EFBC}") = "Mono.Upnp.Dcp.MediaServer1.FileSystem", "src\Mono.Upnp.Dcp\Mono.Upnp.Dcp.MediaServer1\Mono.Upnp.Dcp.MediaServer1.FileSystem\Mono.Upnp.Dcp.MediaServer1.FileSystem.csproj", "{5AD8D852-8ADA-477E-AA76-0958CAB1D881}"
EndProject
Project("{FAE04EC0-301F-11D3-BF4B-00C04F79EFBC}") = "Mono.Upnp.Dcp.MediaServer1.FileSystem.ConsoleServer", "src\Mono.Upnp.Dcp\Mono.Upnp.Dcp.MediaServer1\Mono.Upnp.Dcp.MediaServer1.FileSystem.ConsoleServer\Mono.Upnp.Dcp.MediaServer1.FileSystem.ConsoleServer.csproj", "{DA49F3FC-22F1-4714-8C21-5971B62262FE}"
EndProject
Project("{FAE04EC0-301F-11D3-BF4B-00C04F79EFBC}") = "Mono.Upnp.Dcp.MSMediaServerRegistrar1", "src\Mono.Upnp.Dcp\Mono.Upnp.Dcp.MediaServer1\Mono.Upnp.Dcp.MSMediaServerRegistrar1\Mono.Upnp.Dcp.MSMediaServerRegistrar1.csproj", "{1203E9D4-B1F3-4838-8275-91782C8EC6E4}"
EndProject
Global
	GlobalSection(SolutionConfigurationPlatforms) = preSolution
		Debug|Any CPU = Debug|Any CPU
		Release|Any CPU = Release|Any CPU
		Debug Linq|Any CPU = Debug Linq|Any CPU
		Release Linq|Any CPU = Release Linq|Any CPU
	EndGlobalSection
	GlobalSection(ProjectConfigurationPlatforms) = postSolution
		{1203E9D4-B1F3-4838-8275-91782C8EC6E4}.Debug Linq|Any CPU.ActiveCfg = Debug Linq|Any CPU
		{1203E9D4-B1F3-4838-8275-91782C8EC6E4}.Debug Linq|Any CPU.Build.0 = Debug Linq|Any CPU
		{1203E9D4-B1F3-4838-8275-91782C8EC6E4}.Debug|Any CPU.ActiveCfg = Debug|Any CPU
		{1203E9D4-B1F3-4838-8275-91782C8EC6E4}.Debug|Any CPU.Build.0 = Debug|Any CPU
		{1203E9D4-B1F3-4838-8275-91782C8EC6E4}.Release Linq|Any CPU.ActiveCfg = Release Linq|Any CPU
		{1203E9D4-B1F3-4838-8275-91782C8EC6E4}.Release Linq|Any CPU.Build.0 = Release Linq|Any CPU
		{1203E9D4-B1F3-4838-8275-91782C8EC6E4}.Release|Any CPU.ActiveCfg = Release|Any CPU
		{1203E9D4-B1F3-4838-8275-91782C8EC6E4}.Release|Any CPU.Build.0 = Release|Any CPU
		{2A6588C5-BA02-4597-823A-C4DE81A8CB1D}.Debug Linq|Any CPU.ActiveCfg = Debug|Any CPU
		{2A6588C5-BA02-4597-823A-C4DE81A8CB1D}.Debug Linq|Any CPU.Build.0 = Debug|Any CPU
		{2A6588C5-BA02-4597-823A-C4DE81A8CB1D}.Debug|Any CPU.ActiveCfg = Debug|Any CPU
		{2A6588C5-BA02-4597-823A-C4DE81A8CB1D}.Debug|Any CPU.Build.0 = Debug|Any CPU
		{2A6588C5-BA02-4597-823A-C4DE81A8CB1D}.Release Linq|Any CPU.ActiveCfg = Debug|Any CPU
		{2A6588C5-BA02-4597-823A-C4DE81A8CB1D}.Release Linq|Any CPU.Build.0 = Debug|Any CPU
		{2A6588C5-BA02-4597-823A-C4DE81A8CB1D}.Release|Any CPU.ActiveCfg = Release|Any CPU
		{2A6588C5-BA02-4597-823A-C4DE81A8CB1D}.Release|Any CPU.Build.0 = Release|Any CPU
		{582939F7-13F0-49EB-A970-15955BCE8E8E}.Debug Linq|Any CPU.ActiveCfg = Debug Linq|Any CPU
		{582939F7-13F0-49EB-A970-15955BCE8E8E}.Debug Linq|Any CPU.Build.0 = Debug Linq|Any CPU
		{582939F7-13F0-49EB-A970-15955BCE8E8E}.Debug|Any CPU.ActiveCfg = Debug|Any CPU
		{582939F7-13F0-49EB-A970-15955BCE8E8E}.Debug|Any CPU.Build.0 = Debug|Any CPU
		{582939F7-13F0-49EB-A970-15955BCE8E8E}.Release Linq|Any CPU.ActiveCfg = Release Linq|Any CPU
		{582939F7-13F0-49EB-A970-15955BCE8E8E}.Release Linq|Any CPU.Build.0 = Release Linq|Any CPU
		{582939F7-13F0-49EB-A970-15955BCE8E8E}.Release|Any CPU.ActiveCfg = Release|Any CPU
		{582939F7-13F0-49EB-A970-15955BCE8E8E}.Release|Any CPU.Build.0 = Release|Any CPU
		{5AD8D852-8ADA-477E-AA76-0958CAB1D881}.Debug Linq|Any CPU.ActiveCfg = Debug Linq|Any CPU
		{5AD8D852-8ADA-477E-AA76-0958CAB1D881}.Debug Linq|Any CPU.Build.0 = Debug Linq|Any CPU
		{5AD8D852-8ADA-477E-AA76-0958CAB1D881}.Debug|Any CPU.ActiveCfg = Debug|Any CPU
		{5AD8D852-8ADA-477E-AA76-0958CAB1D881}.Debug|Any CPU.Build.0 = Debug|Any CPU
		{5AD8D852-8ADA-477E-AA76-0958CAB1D881}.Release Linq|Any CPU.ActiveCfg = Release Linq|Any CPU
		{5AD8D852-8ADA-477E-AA76-0958CAB1D881}.Release Linq|Any CPU.Build.0 = Release Linq|Any CPU
		{5AD8D852-8ADA-477E-AA76-0958CAB1D881}.Release|Any CPU.ActiveCfg = Release|Any CPU
		{5AD8D852-8ADA-477E-AA76-0958CAB1D881}.Release|Any CPU.Build.0 = Release|Any CPU
		{5E5A8C5E-334D-4ED2-B40F-34712C7E085C}.Debug|Any CPU.ActiveCfg = Debug|Any CPU
		{5E5A8C5E-334D-4ED2-B40F-34712C7E085C}.Debug|Any CPU.Build.0 = Debug|Any CPU
		{5E5A8C5E-334D-4ED2-B40F-34712C7E085C}.Release|Any CPU.ActiveCfg = Release|Any CPU
		{5E5A8C5E-334D-4ED2-B40F-34712C7E085C}.Release|Any CPU.Build.0 = Release|Any CPU
		{AD422A19-BA07-4039-B843-84E386804DD1}.Debug|Any CPU.ActiveCfg = Debug|Any CPU
		{AD422A19-BA07-4039-B843-84E386804DD1}.Debug|Any CPU.Build.0 = Debug|Any CPU
		{AD422A19-BA07-4039-B843-84E386804DD1}.Release|Any CPU.ActiveCfg = Release|Any CPU
		{AD422A19-BA07-4039-B843-84E386804DD1}.Release|Any CPU.Build.0 = Release|Any CPU
		{B0FC5FC0-3AB1-4AB6-9B3B-793B441A4288}.Debug|Any CPU.ActiveCfg = Debug|Any CPU
		{B0FC5FC0-3AB1-4AB6-9B3B-793B441A4288}.Debug|Any CPU.Build.0 = Debug|Any CPU
		{B0FC5FC0-3AB1-4AB6-9B3B-793B441A4288}.Release|Any CPU.ActiveCfg = Release|Any CPU
		{B0FC5FC0-3AB1-4AB6-9B3B-793B441A4288}.Release|Any CPU.Build.0 = Release|Any CPU
		{D095ADE0-D74E-449C-BAF2-174A952B2056}.Debug Linq|Any CPU.ActiveCfg = Debug Linq|Any CPU
		{D095ADE0-D74E-449C-BAF2-174A952B2056}.Debug Linq|Any CPU.Build.0 = Debug Linq|Any CPU
		{D095ADE0-D74E-449C-BAF2-174A952B2056}.Debug|Any CPU.ActiveCfg = Debug|Any CPU
		{D095ADE0-D74E-449C-BAF2-174A952B2056}.Debug|Any CPU.Build.0 = Debug|Any CPU
		{D095ADE0-D74E-449C-BAF2-174A952B2056}.Release Linq|Any CPU.ActiveCfg = Release Linq|Any CPU
		{D095ADE0-D74E-449C-BAF2-174A952B2056}.Release Linq|Any CPU.Build.0 = Release Linq|Any CPU
		{D095ADE0-D74E-449C-BAF2-174A952B2056}.Release|Any CPU.ActiveCfg = Release|Any CPU
		{D095ADE0-D74E-449C-BAF2-174A952B2056}.Release|Any CPU.Build.0 = Release|Any CPU
		{D6ADBD6C-8A83-4429-8975-624822AF7D3D}.Debug|Any CPU.ActiveCfg = Debug|Any CPU
		{D6ADBD6C-8A83-4429-8975-624822AF7D3D}.Debug|Any CPU.Build.0 = Debug|Any CPU
		{D6ADBD6C-8A83-4429-8975-624822AF7D3D}.Release|Any CPU.ActiveCfg = Release|Any CPU
		{D6ADBD6C-8A83-4429-8975-624822AF7D3D}.Release|Any CPU.Build.0 = Release|Any CPU
		{DA49F3FC-22F1-4714-8C21-5971B62262FE}.Debug Linq|Any CPU.ActiveCfg = Debug Linq|Any CPU
		{DA49F3FC-22F1-4714-8C21-5971B62262FE}.Debug Linq|Any CPU.Build.0 = Debug Linq|Any CPU
		{DA49F3FC-22F1-4714-8C21-5971B62262FE}.Debug|Any CPU.ActiveCfg = Debug|Any CPU
		{DA49F3FC-22F1-4714-8C21-5971B62262FE}.Debug|Any CPU.Build.0 = Debug|Any CPU
		{DA49F3FC-22F1-4714-8C21-5971B62262FE}.Release Linq|Any CPU.ActiveCfg = Release Linq|Any CPU
		{DA49F3FC-22F1-4714-8C21-5971B62262FE}.Release Linq|Any CPU.Build.0 = Release Linq|Any CPU
		{DA49F3FC-22F1-4714-8C21-5971B62262FE}.Release|Any CPU.ActiveCfg = Release|Any CPU
		{DA49F3FC-22F1-4714-8C21-5971B62262FE}.Release|Any CPU.Build.0 = Release|Any CPU
		{EEAC4F7E-6E3D-4241-A477-8D5CB658E0B2}.Debug Linq|Any CPU.ActiveCfg = Debug Linq|Any CPU
		{EEAC4F7E-6E3D-4241-A477-8D5CB658E0B2}.Debug Linq|Any CPU.Build.0 = Debug Linq|Any CPU
		{EEAC4F7E-6E3D-4241-A477-8D5CB658E0B2}.Debug|Any CPU.ActiveCfg = Debug|Any CPU
		{EEAC4F7E-6E3D-4241-A477-8D5CB658E0B2}.Debug|Any CPU.Build.0 = Debug|Any CPU
		{EEAC4F7E-6E3D-4241-A477-8D5CB658E0B2}.Release Linq|Any CPU.ActiveCfg = Release Linq|Any CPU
		{EEAC4F7E-6E3D-4241-A477-8D5CB658E0B2}.Release Linq|Any CPU.Build.0 = Release Linq|Any CPU
		{EEAC4F7E-6E3D-4241-A477-8D5CB658E0B2}.Release|Any CPU.ActiveCfg = Release|Any CPU
		{EEAC4F7E-6E3D-4241-A477-8D5CB658E0B2}.Release|Any CPU.Build.0 = Release|Any CPU
	EndGlobalSection
	GlobalSection(NestedProjects) = preSolution
		{5E5A8C5E-334D-4ED2-B40F-34712C7E085C} = {42D6ED99-B55B-49DF-9D77-55C5FC2D2266}
		{582939F7-13F0-49EB-A970-15955BCE8E8E} = {42D6ED99-B55B-49DF-9D77-55C5FC2D2266}
		{B0FC5FC0-3AB1-4AB6-9B3B-793B441A4288} = {8D933A32-E3C8-4750-BB32-B6C70C9390A9}
		{D6ADBD6C-8A83-4429-8975-624822AF7D3D} = {8D933A32-E3C8-4750-BB32-B6C70C9390A9}
		{EEAC4F7E-6E3D-4241-A477-8D5CB658E0B2} = {8D933A32-E3C8-4750-BB32-B6C70C9390A9}
		{2A6588C5-BA02-4597-823A-C4DE81A8CB1D} = {8D933A32-E3C8-4750-BB32-B6C70C9390A9}
		{AD422A19-BA07-4039-B843-84E386804DD1} = {10FB35F1-FBF6-42C7-85E2-9A52345FD0F3}
		{E2789A20-B336-4121-8C5A-2EC6DBD031CA} = {251579B4-B8E2-4ACD-B5BD-0DC208BB8114}
		{D095ADE0-D74E-449C-BAF2-174A952B2056} = {E2789A20-B336-4121-8C5A-2EC6DBD031CA}
		{5AD8D852-8ADA-477E-AA76-0958CAB1D881} = {E2789A20-B336-4121-8C5A-2EC6DBD031CA}
		{DA49F3FC-22F1-4714-8C21-5971B62262FE} = {E2789A20-B336-4121-8C5A-2EC6DBD031CA}
		{1203E9D4-B1F3-4838-8275-91782C8EC6E4} = {E2789A20-B336-4121-8C5A-2EC6DBD031CA}
	EndGlobalSection
	GlobalSection(MonoDevelopProperties) = preSolution
		StartupItem = src\Mono.Upnp.Dcp\Mono.Upnp.Dcp.MediaServer1\Mono.Upnp.Dcp.MediaServer1.FileSystem.ConsoleServer\Mono.Upnp.Dcp.MediaServer1.FileSystem.ConsoleServer.csproj
		Policies = $0
		$0.DotNetNamingPolicy = $1
		$1.DirectoryNamespaceAssociation = Flat
		$1.ResourceNamePolicy = FileFormatDefault
		$0.StandardHeader = $2
		$2.inheritsSet = MITX11License
		$0.TextStylePolicy = $3
		$3.FileWidth = 120
		$3.inheritsSet = VisualStudio
		$3.inheritsScope = text/plain
		$0.TextStylePolicy = $4
		$4.inheritsSet = null
		$4.scope = text/x-csharp
		$0.CSharpFormattingPolicy = $5
		$5.inheritsSet = Mono
		$5.inheritsScope = text/x-csharp
		$5.scope = text/x-csharp
		$0.TextStylePolicy = $6
		$6.inheritsSet = VisualStudio
		$6.inheritsScope = text/plain
		$6.scope = text/plain
	EndGlobalSection
EndGlobal
